
Microsoft Visual Studio Solution File, Format Version 12.00
# Visual Studio 2013
VisualStudioVersion = 12.0.21005.1
MinimumVisualStudioVersion = 10.0.40219.1
Project("{FAE04EC0-301F-11D3-BF4B-00C04F79EFBC}") = "LahpaMobile.Web", "LahpaMobile.Web\LahpaMobile.Web.csproj", "{ED144AA7-FF58-407C-BEFA-85900A1F6D2C}"
EndProject
Project("{FAE04EC0-301F-11D3-BF4B-00C04F79EFBC}") = "UnitTests", "UnitTests\UnitTests.csproj", "{5551E460-914D-4D4E-A976-18935929ABDB}"
EndProject
Project("{FAE04EC0-301F-11D3-BF4B-00C04F79EFBC}") = "LahpaMobile.Services", "LahpaMobile.Services\LahpaMobile.Services.csproj", "{7F2E818D-770B-4BB1-A216-60C39CEE1C10}"
EndProject
Project("{2150E333-8FDC-42A3-9474-1A3956D46DE8}") = ".nuget", ".nuget", "{064E2512-388E-4369-ACD3-12D1F33BBCD8}"
	ProjectSection(SolutionItems) = preProject
		.nuget\NuGet.Config = .nuget\NuGet.Config
		.nuget\NuGet.exe = .nuget\NuGet.exe
		.nuget\NuGet.targets = .nuget\NuGet.targets
	EndProjectSection
EndProject
Global
	GlobalSection(SolutionConfigurationPlatforms) = preSolution
		Debug|Any CPU = Debug|Any CPU
		Release|Any CPU = Release|Any CPU
	EndGlobalSection
	GlobalSection(ProjectConfigurationPlatforms) = postSolution
		{ED144AA7-FF58-407C-BEFA-85900A1F6D2C}.Debug|Any CPU.ActiveCfg = Debug|Any CPU
		{ED144AA7-FF58-407C-BEFA-85900A1F6D2C}.Debug|Any CPU.Build.0 = Debug|Any CPU
		{ED144AA7-FF58-407C-BEFA-85900A1F6D2C}.Release|Any CPU.ActiveCfg = Release|Any CPU
		{ED144AA7-FF58-407C-BEFA-85900A1F6D2C}.Release|Any CPU.Build.0 = Release|Any CPU
		{5551E460-914D-4D4E-A976-18935929ABDB}.Debug|Any CPU.ActiveCfg = Debug|Any CPU
		{5551E460-914D-4D4E-A976-18935929ABDB}.Debug|Any CPU.Build.0 = Debug|Any CPU
		{5551E460-914D-4D4E-A976-18935929ABDB}.Release|Any CPU.ActiveCfg = Release|Any CPU
		{5551E460-914D-4D4E-A976-18935929ABDB}.Release|Any CPU.Build.0 = Release|Any CPU
		{7F2E818D-770B-4BB1-A216-60C39CEE1C10}.Debug|Any CPU.ActiveCfg = Debug|Any CPU
		{7F2E818D-770B-4BB1-A216-60C39CEE1C10}.Debug|Any CPU.Build.0 = Debug|Any CPU
		{7F2E818D-770B-4BB1-A216-60C39CEE1C10}.Release|Any CPU.ActiveCfg = Release|Any CPU
		{7F2E818D-770B-4BB1-A216-60C39CEE1C10}.Release|Any CPU.Build.0 = Release|Any CPU
	EndGlobalSection
	GlobalSection(SolutionProperties) = preSolution
		HideSolutionNode = FALSE
	EndGlobalSection
EndGlobal
